
Microsoft Visual Studio Solution File, Format Version 12.00
# Visual Studio Version 17
VisualStudioVersion = 17.8.34227.203
MinimumVisualStudioVersion = 10.0.40219.1
Project("{FAE04EC0-301F-11D3-BF4B-00C04F79EFBC}") = "dymaptic.GeoBlazor.Template.WebAssembly", "dymaptic.GeoBlazor.Template.WebAssembly.csproj", "{AEC880E5-27B3-4035-94E9-EDDCF6E758BA}"
EndProject
Global
	GlobalSection(SolutionConfigurationPlatforms) = preSolution
		Debug|Any CPU = Debug|Any CPU
		Release|Any CPU = Release|Any CPU
	EndGlobalSection
	GlobalSection(ProjectConfigurationPlatforms) = postSolution
		{AEC880E5-27B3-4035-94E9-EDDCF6E758BA}.Debug|Any CPU.ActiveCfg = Debug|Any CPU
		{AEC880E5-27B3-4035-94E9-EDDCF6E758BA}.Debug|Any CPU.Build.0 = Debug|Any CPU
		{AEC880E5-27B3-4035-94E9-EDDCF6E758BA}.Release|Any CPU.ActiveCfg = Release|Any CPU
		{AEC880E5-27B3-4035-94E9-EDDCF6E758BA}.Release|Any CPU.Build.0 = Release|Any CPU
	EndGlobalSection
	GlobalSection(SolutionProperties) = preSolution
		HideSolutionNode = FALSE
	EndGlobalSection
	GlobalSection(ExtensibilityGlobals) = postSolution
		SolutionGuid = {07F4AD55-A222-4586-82EC-BF223C7CBA83}
	EndGlobalSection
EndGlobal
