
Microsoft Visual Studio Solution File, Format Version 12.00
# Visual Studio Version 17
VisualStudioVersion = 17.8.34227.203
MinimumVisualStudioVersion = 10.0.40219.1
Project("{9A19103F-16F7-4668-BE54-9A1E7A4F7556}") = "GeoBlazor.Template.Server", "GeoBlazor.Template.Server.csproj", "{2A2DE32A-7712-45A8-9D9F-70C43A56A960}"
EndProject
Global
	GlobalSection(SolutionConfigurationPlatforms) = preSolution
		Debug|Any CPU = Debug|Any CPU
		Release|Any CPU = Release|Any CPU
	EndGlobalSection
	GlobalSection(ProjectConfigurationPlatforms) = postSolution
		{2A2DE32A-7712-45A8-9D9F-70C43A56A960}.Debug|Any CPU.ActiveCfg = Debug|Any CPU
		{2A2DE32A-7712-45A8-9D9F-70C43A56A960}.Debug|Any CPU.Build.0 = Debug|Any CPU
		{2A2DE32A-7712-45A8-9D9F-70C43A56A960}.Release|Any CPU.ActiveCfg = Release|Any CPU
		{2A2DE32A-7712-45A8-9D9F-70C43A56A960}.Release|Any CPU.Build.0 = Release|Any CPU
	EndGlobalSection
	GlobalSection(SolutionProperties) = preSolution
		HideSolutionNode = FALSE
	EndGlobalSection
	GlobalSection(ExtensibilityGlobals) = postSolution
		SolutionGuid = {DB8C8834-0F1E-40C8-AD67-E5A0439754D1}
	EndGlobalSection
EndGlobal
