Microsoft Visual Studio Solution File, Format Version 12.00
# Visual Studio Version 17
VisualStudioVersion = 17.5.2.0
MinimumVisualStudioVersion = 10.0.40219.1
Project("{FAE04EC0-301F-11D3-BF4B-00C04F79EFBC}") = "dymaptic.GeoBlazor.Core.Test.Automation", "dymaptic.GeoBlazor.Core.Test.Automation.csproj", "{3DE986DC-55E7-49C2-6D4C-92505ADBB85E}"
EndProject
Global
	GlobalSection(SolutionConfigurationPlatforms) = preSolution
		Debug|Any CPU = Debug|Any CPU
		Release|Any CPU = Release|Any CPU
	EndGlobalSection
	GlobalSection(ProjectConfigurationPlatforms) = postSolution
		{3DE986DC-55E7-49C2-6D4C-92505ADBB85E}.Debug|Any CPU.ActiveCfg = Debug|Any CPU
		{3DE986DC-55E7-49C2-6D4C-92505ADBB85E}.Debug|Any CPU.Build.0 = Debug|Any CPU
		{3DE986DC-55E7-49C2-6D4C-92505ADBB85E}.Release|Any CPU.ActiveCfg = Release|Any CPU
		{3DE986DC-55E7-49C2-6D4C-92505ADBB85E}.Release|Any CPU.Build.0 = Release|Any CPU
	EndGlobalSection
	GlobalSection(SolutionProperties) = preSolution
		HideSolutionNode = FALSE
	EndGlobalSection
	GlobalSection(ExtensibilityGlobals) = postSolution
		SolutionGuid = {01D5C58B-3A8D-4DA7-A178-969129B5A64B}
	EndGlobalSection
EndGlobal
